
Microsoft Visual Studio Solution File, Format Version 12.00
# Visual Studio Version 17
VisualStudioVersion = 17.7.34018.315
MinimumVisualStudioVersion = 10.0.40219.1
Project("{FAE04EC0-301F-11D3-BF4B-00C04F79EFBC}") = "492989-Daniel Anantadhirya A. L.-ResponsiJuniorProject", "492989-Daniel Anantadhirya A. L.-ResponsiJuniorProject.csproj", "{126FB4BE-5375-49AA-B41E-B833847CF593}"
EndProject
Global
	GlobalSection(SolutionConfigurationPlatforms) = preSolution
		Debug|Any CPU = Debug|Any CPU
		Release|Any CPU = Release|Any CPU
	EndGlobalSection
	GlobalSection(ProjectConfigurationPlatforms) = postSolution
		{126FB4BE-5375-49AA-B41E-B833847CF593}.Debug|Any CPU.ActiveCfg = Debug|Any CPU
		{126FB4BE-5375-49AA-B41E-B833847CF593}.Debug|Any CPU.Build.0 = Debug|Any CPU
		{126FB4BE-5375-49AA-B41E-B833847CF593}.Release|Any CPU.ActiveCfg = Release|Any CPU
		{126FB4BE-5375-49AA-B41E-B833847CF593}.Release|Any CPU.Build.0 = Release|Any CPU
	EndGlobalSection
	GlobalSection(SolutionProperties) = preSolution
		HideSolutionNode = FALSE
	EndGlobalSection
	GlobalSection(ExtensibilityGlobals) = postSolution
		SolutionGuid = {A49231F2-7D8E-4798-A495-D6EDB4119378}
	EndGlobalSection
EndGlobal
